
Microsoft Visual Studio Solution File, Format Version 12.00
# Visual Studio Version 17
VisualStudioVersion = 17.9.34728.123
MinimumVisualStudioVersion = 10.0.40219.1
Project("{FAE04EC0-301F-11D3-BF4B-00C04F79EFBC}") = "Planer-Lekcyjny-TEB.Server", "Planer-Lekcyjny-TEB.Server\Planer-Lekcyjny-TEB.Server.csproj", "{C1343488-8539-4400-8E8D-F129A84D0944}"
EndProject
Project("{54A90642-561A-4BB1-A94E-469ADEE60C69}") = "planer-lekcyjny-teb.client", "planer-lekcyjny-teb.client\planer-lekcyjny-teb.client.esproj", "{1F495854-8C3F-41A6-8E2F-B15E38F83C92}"
EndProject
Global
	GlobalSection(SolutionConfigurationPlatforms) = preSolution
		Debug|Any CPU = Debug|Any CPU
		Release|Any CPU = Release|Any CPU
	EndGlobalSection
	GlobalSection(ProjectConfigurationPlatforms) = postSolution
		{C1343488-8539-4400-8E8D-F129A84D0944}.Debug|Any CPU.ActiveCfg = Debug|Any CPU
		{C1343488-8539-4400-8E8D-F129A84D0944}.Debug|Any CPU.Build.0 = Debug|Any CPU
		{C1343488-8539-4400-8E8D-F129A84D0944}.Release|Any CPU.ActiveCfg = Release|Any CPU
		{C1343488-8539-4400-8E8D-F129A84D0944}.Release|Any CPU.Build.0 = Release|Any CPU
		{1F495854-8C3F-41A6-8E2F-B15E38F83C92}.Debug|Any CPU.ActiveCfg = Debug|Any CPU
		{1F495854-8C3F-41A6-8E2F-B15E38F83C92}.Debug|Any CPU.Build.0 = Debug|Any CPU
		{1F495854-8C3F-41A6-8E2F-B15E38F83C92}.Debug|Any CPU.Deploy.0 = Debug|Any CPU
		{1F495854-8C3F-41A6-8E2F-B15E38F83C92}.Release|Any CPU.ActiveCfg = Release|Any CPU
		{1F495854-8C3F-41A6-8E2F-B15E38F83C92}.Release|Any CPU.Build.0 = Release|Any CPU
		{1F495854-8C3F-41A6-8E2F-B15E38F83C92}.Release|Any CPU.Deploy.0 = Release|Any CPU
	EndGlobalSection
	GlobalSection(SolutionProperties) = preSolution
		HideSolutionNode = FALSE
	EndGlobalSection
	GlobalSection(ExtensibilityGlobals) = postSolution
		SolutionGuid = {0C3D29F3-5562-423C-9E2E-3B2BD44ED4AA}
	EndGlobalSection
EndGlobal
